
Microsoft Visual Studio Solution File, Format Version 12.00
# Visual Studio Version 16
VisualStudioVersion = 16.0.31605.320
MinimumVisualStudioVersion = 10.0.40219.1
Project("{9A19103F-16F7-4668-BE54-9A1E7A4F7556}") = "CCreative.Editor", "CCreative.Editor\CCreative.Editor.csproj", "{7E8A2056-9B7C-400C-A69D-BFAE86E9E5D2}"
EndProject
Project("{9A19103F-16F7-4668-BE54-9A1E7A4F7556}") = "CCreative", "..\..\Workspaces\CCreative\CCreativeEditor-ToNetCore\CCreative\CCreative.csproj", "{B1F04A05-F57F-4B1A-B5BD-6091F2122891}"
EndProject
Global
	GlobalSection(SolutionConfigurationPlatforms) = preSolution
		Debug|Any CPU = Debug|Any CPU
		Release|Any CPU = Release|Any CPU
	EndGlobalSection
	GlobalSection(ProjectConfigurationPlatforms) = postSolution
		{7E8A2056-9B7C-400C-A69D-BFAE86E9E5D2}.Debug|Any CPU.ActiveCfg = Debug|Any CPU
		{7E8A2056-9B7C-400C-A69D-BFAE86E9E5D2}.Debug|Any CPU.Build.0 = Debug|Any CPU
		{7E8A2056-9B7C-400C-A69D-BFAE86E9E5D2}.Release|Any CPU.ActiveCfg = Release|Any CPU
		{7E8A2056-9B7C-400C-A69D-BFAE86E9E5D2}.Release|Any CPU.Build.0 = Release|Any CPU
		{B1F04A05-F57F-4B1A-B5BD-6091F2122891}.Debug|Any CPU.ActiveCfg = Debug|Any CPU
		{B1F04A05-F57F-4B1A-B5BD-6091F2122891}.Debug|Any CPU.Build.0 = Debug|Any CPU
		{B1F04A05-F57F-4B1A-B5BD-6091F2122891}.Release|Any CPU.ActiveCfg = Release|Any CPU
		{B1F04A05-F57F-4B1A-B5BD-6091F2122891}.Release|Any CPU.Build.0 = Release|Any CPU
	EndGlobalSection
	GlobalSection(SolutionProperties) = preSolution
		HideSolutionNode = FALSE
	EndGlobalSection
	GlobalSection(ExtensibilityGlobals) = postSolution
		SolutionGuid = {B911833C-7F6F-469C-A56E-00F6260F61B7}
	EndGlobalSection
EndGlobal
