
Microsoft Visual Studio Solution File, Format Version 12.00
# Visual Studio Version 16
VisualStudioVersion = 16.0.31605.320
MinimumVisualStudioVersion = 10.0.40219.1
Project("{9A19103F-16F7-4668-BE54-9A1E7A4F7556}") = "CCreative.Editor", "CCreative.Editor\CCreative.Editor.csproj", "{7E8A2056-9B7C-400C-A69D-BFAE86E9E5D2}"
EndProject
Project("{FAE04EC0-301F-11D3-BF4B-00C04F79EFBC}") = "CCreative.Compiler", "CCreative.Compiler\CCreative.Compiler.csproj", "{2FF4B1AD-F9AE-4A25-A5EA-F98CEC88B2D0}"
EndProject
Project("{FAE04EC0-301F-11D3-BF4B-00C04F79EFBC}") = "CCreative", "CCreative\CCreative.csproj", "{3E362E6C-C403-499F-B4E2-BDACC4232190}"
EndProject
Project("{FAE04EC0-301F-11D3-BF4B-00C04F79EFBC}") = "CCreative.Test", "CCreative.Test\CCreative.Test.csproj", "{8134850B-EF58-405E-AD84-8639352BDD0C}"
EndProject
Project("{FAE04EC0-301F-11D3-BF4B-00C04F79EFBC}") = "CCreative.Benchmark", "CCreative.Benchmark\CCreative.Benchmark.csproj", "{F11FF9FF-BC9F-4D37-8333-CBFE436F1D8E}"
EndProject
Project("{FAE04EC0-301F-11D3-BF4B-00C04F79EFBC}") = "AvaloniaEdit", "..\AvaloniaEdit\src\AvaloniaEdit\AvaloniaEdit.csproj", "{65BBA5AB-FC40-4360-AF0B-8F88CCE96FAD}"
EndProject
Global
	GlobalSection(SolutionConfigurationPlatforms) = preSolution
		Debug|Any CPU = Debug|Any CPU
		Release|Any CPU = Release|Any CPU
	EndGlobalSection
	GlobalSection(ProjectConfigurationPlatforms) = postSolution
		{7E8A2056-9B7C-400C-A69D-BFAE86E9E5D2}.Debug|Any CPU.ActiveCfg = Debug|Any CPU
		{7E8A2056-9B7C-400C-A69D-BFAE86E9E5D2}.Debug|Any CPU.Build.0 = Debug|Any CPU
		{7E8A2056-9B7C-400C-A69D-BFAE86E9E5D2}.Release|Any CPU.ActiveCfg = Release|Any CPU
		{7E8A2056-9B7C-400C-A69D-BFAE86E9E5D2}.Release|Any CPU.Build.0 = Release|Any CPU
		{2FF4B1AD-F9AE-4A25-A5EA-F98CEC88B2D0}.Debug|Any CPU.ActiveCfg = Debug|Any CPU
		{2FF4B1AD-F9AE-4A25-A5EA-F98CEC88B2D0}.Debug|Any CPU.Build.0 = Debug|Any CPU
		{2FF4B1AD-F9AE-4A25-A5EA-F98CEC88B2D0}.Release|Any CPU.ActiveCfg = Release|Any CPU
		{2FF4B1AD-F9AE-4A25-A5EA-F98CEC88B2D0}.Release|Any CPU.Build.0 = Release|Any CPU
		{3E362E6C-C403-499F-B4E2-BDACC4232190}.Debug|Any CPU.ActiveCfg = Debug|Any CPU
		{3E362E6C-C403-499F-B4E2-BDACC4232190}.Debug|Any CPU.Build.0 = Debug|Any CPU
		{3E362E6C-C403-499F-B4E2-BDACC4232190}.Release|Any CPU.ActiveCfg = Release|Any CPU
		{3E362E6C-C403-499F-B4E2-BDACC4232190}.Release|Any CPU.Build.0 = Release|Any CPU
		{8134850B-EF58-405E-AD84-8639352BDD0C}.Debug|Any CPU.ActiveCfg = Debug|Any CPU
		{8134850B-EF58-405E-AD84-8639352BDD0C}.Debug|Any CPU.Build.0 = Debug|Any CPU
		{8134850B-EF58-405E-AD84-8639352BDD0C}.Release|Any CPU.ActiveCfg = Release|Any CPU
		{8134850B-EF58-405E-AD84-8639352BDD0C}.Release|Any CPU.Build.0 = Release|Any CPU
		{F11FF9FF-BC9F-4D37-8333-CBFE436F1D8E}.Debug|Any CPU.ActiveCfg = Debug|Any CPU
		{F11FF9FF-BC9F-4D37-8333-CBFE436F1D8E}.Debug|Any CPU.Build.0 = Debug|Any CPU
		{F11FF9FF-BC9F-4D37-8333-CBFE436F1D8E}.Release|Any CPU.ActiveCfg = Release|Any CPU
		{F11FF9FF-BC9F-4D37-8333-CBFE436F1D8E}.Release|Any CPU.Build.0 = Release|Any CPU
		{65BBA5AB-FC40-4360-AF0B-8F88CCE96FAD}.Debug|Any CPU.ActiveCfg = Debug|Any CPU
		{65BBA5AB-FC40-4360-AF0B-8F88CCE96FAD}.Debug|Any CPU.Build.0 = Debug|Any CPU
		{65BBA5AB-FC40-4360-AF0B-8F88CCE96FAD}.Release|Any CPU.ActiveCfg = Release|Any CPU
		{65BBA5AB-FC40-4360-AF0B-8F88CCE96FAD}.Release|Any CPU.Build.0 = Release|Any CPU
	EndGlobalSection
	GlobalSection(SolutionProperties) = preSolution
		HideSolutionNode = FALSE
	EndGlobalSection
	GlobalSection(ExtensibilityGlobals) = postSolution
		SolutionGuid = {B911833C-7F6F-469C-A56E-00F6260F61B7}
	EndGlobalSection
EndGlobal
